
Microsoft Visual Studio Solution File, Format Version 12.00
# Visual Studio Version 17
VisualStudioVersion = 17.14.36221.1 d17.14
MinimumVisualStudioVersion = 10.0.40219.1
Project("{FAE04EC0-301F-11D3-BF4B-00C04F79EFBC}") = "VideoGameApi", "VideoGameApi.csproj", "{FF5FD690-B801-4A1B-BB29-3A5EB72E43DC}"
EndProject
Global
	GlobalSection(SolutionConfigurationPlatforms) = preSolution
		Debug|Any CPU = Debug|Any CPU
		Release|Any CPU = Release|Any CPU
	EndGlobalSection
	GlobalSection(ProjectConfigurationPlatforms) = postSolution
		{FF5FD690-B801-4A1B-BB29-3A5EB72E43DC}.Debug|Any CPU.ActiveCfg = Debug|Any CPU
		{FF5FD690-B801-4A1B-BB29-3A5EB72E43DC}.Debug|Any CPU.Build.0 = Debug|Any CPU
		{FF5FD690-B801-4A1B-BB29-3A5EB72E43DC}.Release|Any CPU.ActiveCfg = Release|Any CPU
		{FF5FD690-B801-4A1B-BB29-3A5EB72E43DC}.Release|Any CPU.Build.0 = Release|Any CPU
	EndGlobalSection
	GlobalSection(SolutionProperties) = preSolution
		HideSolutionNode = FALSE
	EndGlobalSection
	GlobalSection(ExtensibilityGlobals) = postSolution
		SolutionGuid = {A655FC54-2A62-432F-AB15-4ED8E16F6846}
	EndGlobalSection
EndGlobal
